
Microsoft Visual Studio Solution File, Format Version 12.00
# Visual Studio Version 17
VisualStudioVersion = 17.14.36511.14
MinimumVisualStudioVersion = 10.0.40219.1
Project("{FAE04EC0-301F-11D3-BF4B-00C04F79EFBC}") = "notebook", "notebook.csproj", "{6A5CBED4-91CA-4A25-A3A3-3CA1761482CA}"
EndProject
Project("{FAE04EC0-301F-11D3-BF4B-00C04F79EFBC}") = "Logic", "..\Logic\Logic.csproj", "{F4FE22A9-E89C-4316-B98D-E1934594D28F}"
EndProject
Project("{FAE04EC0-301F-11D3-BF4B-00C04F79EFBC}") = "TestLogic", "..\TestLogic\TestLogic.csproj", "{681728DC-A897-4C64-BEF6-379A4410127C}"
EndProject
Global
	GlobalSection(SolutionConfigurationPlatforms) = preSolution
		Debug|Any CPU = Debug|Any CPU
		Release|Any CPU = Release|Any CPU
	EndGlobalSection
	GlobalSection(ProjectConfigurationPlatforms) = postSolution
		{6A5CBED4-91CA-4A25-A3A3-3CA1761482CA}.Debug|Any CPU.ActiveCfg = Debug|Any CPU
		{6A5CBED4-91CA-4A25-A3A3-3CA1761482CA}.Debug|Any CPU.Build.0 = Debug|Any CPU
		{6A5CBED4-91CA-4A25-A3A3-3CA1761482CA}.Release|Any CPU.ActiveCfg = Release|Any CPU
		{6A5CBED4-91CA-4A25-A3A3-3CA1761482CA}.Release|Any CPU.Build.0 = Release|Any CPU
		{F4FE22A9-E89C-4316-B98D-E1934594D28F}.Debug|Any CPU.ActiveCfg = Debug|Any CPU
		{F4FE22A9-E89C-4316-B98D-E1934594D28F}.Debug|Any CPU.Build.0 = Debug|Any CPU
		{F4FE22A9-E89C-4316-B98D-E1934594D28F}.Release|Any CPU.ActiveCfg = Release|Any CPU
		{F4FE22A9-E89C-4316-B98D-E1934594D28F}.Release|Any CPU.Build.0 = Release|Any CPU
		{681728DC-A897-4C64-BEF6-379A4410127C}.Debug|Any CPU.ActiveCfg = Debug|Any CPU
		{681728DC-A897-4C64-BEF6-379A4410127C}.Debug|Any CPU.Build.0 = Debug|Any CPU
		{681728DC-A897-4C64-BEF6-379A4410127C}.Release|Any CPU.ActiveCfg = Release|Any CPU
		{681728DC-A897-4C64-BEF6-379A4410127C}.Release|Any CPU.Build.0 = Release|Any CPU
	EndGlobalSection
	GlobalSection(SolutionProperties) = preSolution
		HideSolutionNode = FALSE
	EndGlobalSection
	GlobalSection(ExtensibilityGlobals) = postSolution
		SolutionGuid = {0410C051-6195-44F7-A652-F71A4FC22F2B}
	EndGlobalSection
EndGlobal
